// !$*UTF8*$!
{
	archiveVersion = 1;
	classes = {
	};
	objectVersion = 46;
	objects = {

/* Begin PBXBuildFile section */
		95A6309F1AB80FB400DF6548 /* AppDelegate.swift in Sources */ = {isa = PBXBuildFile; fileRef = 95A6309E1AB80FB400DF6548 /* AppDelegate.swift */; };
		95A630A11AB80FB400DF6548 /* ViewController.swift in Sources */ = {isa = PBXBuildFile; fileRef = 95A630A01AB80FB400DF6548 /* ViewController.swift */; };
		95A630A41AB80FB400DF6548 /* Main.storyboard in Resources */ = {isa = PBXBuildFile; fileRef = 95A630A21AB80FB400DF6548 /* Main.storyboard */; };
		95A630A61AB80FB400DF6548 /* Images.xcassets in Resources */ = {isa = PBXBuildFile; fileRef = 95A630A51AB80FB400DF6548 /* Images.xcassets */; };
		95A630A91AB80FB400DF6548 /* LaunchScreen.xib in Resources */ = {isa = PBXBuildFile; fileRef = 95A630A71AB80FB400DF6548 /* LaunchScreen.xib */; };
		95A630B51AB80FB400DF6548 /* ByViewConstraintSwiftDemoTests.swift in Sources */ = {isa = PBXBuildFile; fileRef = 95A630B41AB80FB400DF6548 /* ByViewConstraintSwiftDemoTests.swift */; };
/* End PBXBuildFile section */

/* Begin PBXContainerItemProxy section */
		95A630AF1AB80FB400DF6548 /* PBXContainerItemProxy */ = {
			isa = PBXContainerItemProxy;
			containerPortal = 95A630911AB80FB300DF6548 /* Project object */;
			proxyType = 1;
			remoteGlobalIDString = 95A630981AB80FB400DF6548;
			remoteInfo = ByViewConstraintSwiftDemo;
		};
/* End PBXContainerItemProxy section */

/* Begin PBXFileReference section */
		95A630991AB80FB400DF6548 /* ByViewConstraintSwiftDemo.app */ = {isa = PBXFileReference; explicitFileType = wrapper.application; includeInIndex = 0; path = ByViewConstraintSwiftDemo.app; sourceTree = BUILT_PRODUCTS_DIR; };
		95A6309D1AB80FB400DF6548 /* Info.plist */ = {isa = PBXFileReference; lastKnownFileType = text.plist.xml; path = Info.plist; sourceTree = "<group>"; };
		95A6309E1AB80FB400DF6548 /* AppDelegate.swift */ = {isa = PBXFileReference; lastKnownFileType = sourcecode.swift; path = AppDelegate.swift; sourceTree = "<group>"; };
		95A630A01AB80FB400DF6548 /* ViewController.swift */ = {isa = PBXFileReference; lastKnownFileType = sourcecode.swift; path = ViewController.swift; sourceTree = "<group>"; };
		95A630A31AB80FB400DF6548 /* Base */ = {isa = PBXFileReference; lastKnownFileType = file.storyboard; name = Base; path = Base.lproj/Main.storyboard; sourceTree = "<group>"; };
		95A630A51AB80FB400DF6548 /* Images.xcassets */ = {isa = PBXFileReference; lastKnownFileType = folder.assetcatalog; path = Images.xcassets; sourceTree = "<group>"; };
		95A630A81AB80FB400DF6548 /* Base */ = {isa = PBXFileReference; lastKnownFileType = file.xib; name = Base; path = Base.lproj/LaunchScreen.xib; sourceTree = "<group>"; };
		95A630AE1AB80FB400DF6548 /* ByViewConstraintSwiftDemoTests.xctest */ = {isa = PBXFileReference; explicitFileType = wrapper.cfbundle; includeInIndex = 0; path = ByViewConstraintSwiftDemoTests.xctest; sourceTree = BUILT_PRODUCTS_DIR; };
		95A630B31AB80FB400DF6548 /* Info.plist */ = {isa = PBXFileReference; lastKnownFileType = text.plist.xml; path = Info.plist; sourceTree = "<group>"; };
		95A630B41AB80FB400DF6548 /* ByViewConstraintSwiftDemoTests.swift */ = {isa = PBXFileReference; lastKnownFileType = sourcecode.swift; path = ByViewConstraintSwiftDemoTests.swift; sourceTree = "<group>"; };
/* End PBXFileReference section */

/* Begin PBXFrameworksBuildPhase section */
		95A630961AB80FB400DF6548 /* Frameworks */ = {
			isa = PBXFrameworksBuildPhase;
			buildActionMask = 2147483647;
			files = (
			);
			runOnlyForDeploymentPostprocessing = 0;
		};
		95A630AB1AB80FB400DF6548 /* Frameworks */ = {
			isa = PBXFrameworksBuildPhase;
			buildActionMask = 2147483647;
			files = (
			);
			runOnlyForDeploymentPostprocessing = 0;
		};
/* End PBXFrameworksBuildPhase section */

/* Begin PBXGroup section */
		95A630901AB80FB300DF6548 = {
			isa = PBXGroup;
			children = (
				95A6309B1AB80FB400DF6548 /* ByViewConstraintSwiftDemo */,
				95A630B11AB80FB400DF6548 /* ByViewConstraintSwiftDemoTests */,
				95A6309A1AB80FB400DF6548 /* Products */,
			);
			sourceTree = "<group>";
		};
		95A6309A1AB80FB400DF6548 /* Products */ = {
			isa = PBXGroup;
			children = (
				95A630991AB80FB400DF6548 /* ByViewConstraintSwiftDemo.app */,
				95A630AE1AB80FB400DF6548 /* ByViewConstraintSwiftDemoTests.xctest */,
			);
			name = Products;
			sourceTree = "<group>";
		};
		95A6309B1AB80FB400DF6548 /* ByViewConstraintSwiftDemo */ = {
			isa = PBXGroup;
			children = (
				95A6309E1AB80FB400DF6548 /* AppDelegate.swift */,
				95A630A01AB80FB400DF6548 /* ViewController.swift */,
				95A630A21AB80FB400DF6548 /* Main.storyboard */,
				95A630A51AB80FB400DF6548 /* Images.xcassets */,
				95A630A71AB80FB400DF6548 /* LaunchScreen.xib */,
				95A6309C1AB80FB400DF6548 /* Supporting Files */,
			);
			path = ByViewConstraintSwiftDemo;
			sourceTree = "<group>";
		};
		95A6309C1AB80FB400DF6548 /* Supporting Files */ = {
			isa = PBXGroup;
			children = (
				95A6309D1AB80FB400DF6548 /* Info.plist */,
			);
			name = "Supporting Files";
			sourceTree = "<group>";
		};
		95A630B11AB80FB400DF6548 /* ByViewConstraintSwiftDemoTests */ = {
			isa = PBXGroup;
			children = (
				95A630B41AB80FB400DF6548 /* ByViewConstraintSwiftDemoTests.swift */,
				95A630B21AB80FB400DF6548 /* Supporting Files */,
			);
			path = ByViewConstraintSwiftDemoTests;
			sourceTree = "<group>";
		};
		95A630B21AB80FB400DF6548 /* Supporting Files */ = {
			isa = PBXGroup;
			children = (
				95A630B31AB80FB400DF6548 /* Info.plist */,
			);
			name = "Supporting Files";
			sourceTree = "<group>";
		};
/* End PBXGroup section */

/* Begin PBXNativeTarget section */
		95A630981AB80FB400DF6548 /* ByViewConstraintSwiftDemo */ = {
			isa = PBXNativeTarget;
			buildConfigurationList = 95A630B81AB80FB400DF6548 /* Build configuration list for PBXNativeTarget "ByViewConstraintSwiftDemo" */;
			buildPhases = (
				95A630951AB80FB400DF6548 /* Sources */,
				95A630961AB80FB400DF6548 /* Frameworks */,
				95A630971AB80FB400DF6548 /* Resources */,
			);
			buildRules = (
			);
			dependencies = (
			);
			name = ByViewConstraintSwiftDemo;
			productName = ByViewConstraintSwiftDemo;
			productReference = 95A630991AB80FB400DF6548 /* ByViewConstraintSwiftDemo.app */;
			productType = "com.apple.product-type.application";
		};
		95A630AD1AB80FB400DF6548 /* ByViewConstraintSwiftDemoTests */ = {
			isa = PBXNativeTarget;
			buildConfigurationList = 95A630BB1AB80FB400DF6548 /* Build configuration list for PBXNativeTarget "ByViewConstraintSwiftDemoTests" */;
			buildPhases = (
				95A630AA1AB80FB400DF6548 /* Sources */,
				95A630AB1AB80FB400DF6548 /* Frameworks */,
				95A630AC1AB80FB400DF6548 /* Resources */,
			);
			buildRules = (
			);
			dependencies = (
				95A630B01AB80FB400DF6548 /* PBXTargetDependency */,
			);
			name = ByViewConstraintSwiftDemoTests;
			productName = ByViewConstraintSwiftDemoTests;
			productReference = 95A630AE1AB80FB400DF6548 /* ByViewConstraintSwiftDemoTests.xctest */;
			productType = "com.apple.product-type.bundle.unit-test";
		};
/* End PBXNativeTarget section */

/* Begin PBXProject section */
		95A630911AB80FB300DF6548 /* Project object */ = {
			isa = PBXProject;
			attributes = {
				LastUpgradeCheck = 0620;
				ORGANIZATIONNAME = "bylo media inc.";
				TargetAttributes = {
					95A630981AB80FB400DF6548 = {
						CreatedOnToolsVersion = 6.2;
					};
					95A630AD1AB80FB400DF6548 = {
						CreatedOnToolsVersion = 6.2;
						TestTargetID = 95A630981AB80FB400DF6548;
					};
				};
			};
			buildConfigurationList = 95A630941AB80FB300DF6548 /* Build configuration list for PBXProject "ByViewConstraintSwiftDemo" */;
			compatibilityVersion = "Xcode 3.2";
			developmentRegion = English;
			hasScannedForEncodings = 0;
			knownRegions = (
				en,
				Base,
			);
			mainGroup = 95A630901AB80FB300DF6548;
			productRefGroup = 95A6309A1AB80FB400DF6548 /* Products */;
			projectDirPath = "";
			projectRoot = "";
			targets = (
				95A630981AB80FB400DF6548 /* ByViewConstraintSwiftDemo */,
				95A630AD1AB80FB400DF6548 /* ByViewConstraintSwiftDemoTests */,
			);
		};
/* End PBXProject section */

/* Begin PBXResourcesBuildPhase section */
		95A630971AB80FB400DF6548 /* Resources */ = {
			isa = PBXResourcesBuildPhase;
			buildActionMask = 2147483647;
			files = (
				95A630A41AB80FB400DF6548 /* Main.storyboard in Resources */,
				95A630A91AB80FB400DF6548 /* LaunchScreen.xib in Resources */,
				95A630A61AB80FB400DF6548 /* Images.xcassets in Resources */,
			);
			runOnlyForDeploymentPostprocessing = 0;
		};
		95A630AC1AB80FB400DF6548 /* Resources */ = {
			isa = PBXResourcesBuildPhase;
			buildActionMask = 2147483647;
			files = (
			);
			runOnlyForDeploymentPostprocessing = 0;
		};
/* End PBXResourcesBuildPhase section */

/* Begin PBXSourcesBuildPhase section */
		95A630951AB80FB400DF6548 /* Sources */ = {
			isa = PBXSourcesBuildPhase;
			buildActionMask = 2147483647;
			files = (
				95A630A11AB80FB400DF6548 /* ViewController.swift in Sources */,
				95A6309F1AB80FB400DF6548 /* AppDelegate.swift in Sources */,
			);
			runOnlyForDeploymentPostprocessing = 0;
		};
		95A630AA1AB80FB400DF6548 /* Sources */ = {
			isa = PBXSourcesBuildPhase;
			buildActionMask = 2147483647;
			files = (
				95A630B51AB80FB400DF6548 /* ByViewConstraintSwiftDemoTests.swift in Sources */,
			);
			runOnlyForDeploymentPostprocessing = 0;
		};
/* End PBXSourcesBuildPhase section */

/* Begin PBXTargetDependency section */
		95A630B01AB80FB400DF6548 /* PBXTargetDependency */ = {
			isa = PBXTargetDependency;
			target = 95A630981AB80FB400DF6548 /* ByViewConstraintSwiftDemo */;
			targetProxy = 95A630AF1AB80FB400DF6548 /* PBXContainerItemProxy */;
		};
/* End PBXTargetDependency section */

/* Begin PBXVariantGroup section */
		95A630A21AB80FB400DF6548 /* Main.storyboard */ = {
			isa = PBXVariantGroup;
			children = (
				95A630A31AB80FB400DF6548 /* Base */,
			);
			name = Main.storyboard;
			sourceTree = "<group>";
		};
		95A630A71AB80FB400DF6548 /* LaunchScreen.xib */ = {
			isa = PBXVariantGroup;
			children = (
				95A630A81AB80FB400DF6548 /* Base */,
			);
			name = LaunchScreen.xib;
			sourceTree = "<group>";
		};
/* End PBXVariantGroup section */

/* Begin XCBuildConfiguration section */
		95A630B61AB80FB400DF6548 /* Debug */ = {
			isa = XCBuildConfiguration;
			buildSettings = {
				ALWAYS_SEARCH_USER_PATHS = NO;
				CLANG_CXX_LANGUAGE_STANDARD = "gnu++0x";
				CLANG_CXX_LIBRARY = "libc++";
				CLANG_ENABLE_MODULES = YES;
				CLANG_ENABLE_OBJC_ARC = YES;
				CLANG_WARN_BOOL_CONVERSION = YES;
				CLANG_WARN_CONSTANT_CONVERSION = YES;
				CLANG_WARN_DIRECT_OBJC_ISA_USAGE = YES_ERROR;
				CLANG_WARN_EMPTY_BODY = YES;
				CLANG_WARN_ENUM_CONVERSION = YES;
				CLANG_WARN_INT_CONVERSION = YES;
				CLANG_WARN_OBJC_ROOT_CLASS = YES_ERROR;
				CLANG_WARN_UNREACHABLE_CODE = YES;
				CLANG_WARN__DUPLICATE_METHOD_MATCH = YES;
				"CODE_SIGN_IDENTITY[sdk=iphoneos*]" = "iPhone Developer";
				COPY_PHASE_STRIP = NO;
				ENABLE_STRICT_OBJC_MSGSEND = YES;
				GCC_C_LANGUAGE_STANDARD = gnu99;
				GCC_DYNAMIC_NO_PIC = NO;
				GCC_OPTIMIZATION_LEVEL = 0;
				GCC_PREPROCESSOR_DEFINITIONS = (
					"DEBUG=1",
					"$(inherited)",
				);
				GCC_SYMBOLS_PRIVATE_EXTERN = NO;
				GCC_WARN_64_TO_32_BIT_CONVERSION = YES;
				GCC_WARN_ABOUT_RETURN_TYPE = YES_ERROR;
				GCC_WARN_UNDECLARED_SELECTOR = YES;
				GCC_WARN_UNINITIALIZED_AUTOS = YES_AGGRESSIVE;
				GCC_WARN_UNUSED_FUNCTION = YES;
				GCC_WARN_UNUSED_VARIABLE = YES;
				IPHONEOS_DEPLOYMENT_TARGET = 8.2;
				MTL_ENABLE_DEBUG_INFO = YES;
				ONLY_ACTIVE_ARCH = YES;
				SDKROOT = iphoneos;
				SWIFT_OPTIMIZATION_LEVEL = "-Onone";
			};
			name = Debug;
		};
		95A630B71AB80FB400DF6548 /* Release */ = {
			isa = XCBuildConfiguration;
			buildSettings = {
				ALWAYS_SEARCH_USER_PATHS = NO;
				CLANG_CXX_LANGUAGE_STANDARD = "gnu++0x";
				CLANG_CXX_LIBRARY = "libc++";
				CLANG_ENABLE_MODULES = YES;
				CLANG_ENABLE_OBJC_ARC = YES;
				CLANG_WARN_BOOL_CONVERSION = YES;
				CLANG_WARN_CONSTANT_CONVERSION = YES;
				CLANG_WARN_DIRECT_OBJC_ISA_USAGE = YES_ERROR;
				CLANG_WARN_EMPTY_BODY = YES;
				CLANG_WARN_ENUM_CONVERSION = YES;
				CLANG_WARN_INT_CONVERSION = YES;
				CLANG_WARN_OBJC_ROOT_CLASS = YES_ERROR;
				CLANG_WARN_UNREACHABLE_CODE = YES;
				CLANG_WARN__DUPLICATE_METHOD_MATCH = YES;
				"CODE_SIGN_IDENTITY[sdk=iphoneos*]" = "iPhone Developer";
				COPY_PHASE_STRIP = NO;
				ENABLE_NS_ASSERTIONS = NO;
				ENABLE_STRICT_OBJC_MSGSEND = YES;
				GCC_C_LANGUAGE_STANDARD = gnu99;
				GCC_WARN_64_TO_32_BIT_CONVERSION = YES;
				GCC_WARN_ABOUT_RETURN_TYPE = YES_ERROR;
				GCC_WARN_UNDECLARED_SELECTOR = YES;
				GCC_WARN_UNINITIALIZED_AUTOS = YES_AGGRESSIVE;
				GCC_WARN_UNUSED_FUNCTION = YES;
				GCC_WARN_UNUSED_VARIABLE = YES;
				IPHONEOS_DEPLOYMENT_TARGET = 8.2;
				MTL_ENABLE_DEBUG_INFO = NO;
				SDKROOT = iphoneos;
				VALIDATE_PRODUCT = YES;
			};
			name = Release;
		};
		95A630B91AB80FB400DF6548 /* Debug */ = {
			isa = XCBuildConfiguration;
			buildSettings = {
				ASSETCATALOG_COMPILER_APPICON_NAME = AppIcon;
				INFOPLIST_FILE = ByViewConstraintSwiftDemo/Info.plist;
				LD_RUNPATH_SEARCH_PATHS = "$(inherited) @executable_path/Frameworks";
				PRODUCT_NAME = "$(TARGET_NAME)";
			};
			name = Debug;
		};
		95A630BA1AB80FB400DF6548 /* Release */ = {
			isa = XCBuildConfiguration;
			buildSettings = {
				ASSETCATALOG_COMPILER_APPICON_NAME = AppIcon;
				INFOPLIST_FILE = ByViewConstraintSwiftDemo/Info.plist;
				LD_RUNPATH_SEARCH_PATHS = "$(inherited) @executable_path/Frameworks";
				PRODUCT_NAME = "$(TARGET_NAME)";
			};
			name = Release;
		};
		95A630BC1AB80FB400DF6548 /* Debug */ = {
			isa = XCBuildConfiguration;
			buildSettings = {
				BUNDLE_LOADER = "$(TEST_HOST)";
				FRAMEWORK_SEARCH_PATHS = (
					"$(SDKROOT)/Developer/Library/Frameworks",
					"$(inherited)",
				);
				GCC_PREPROCESSOR_DEFINITIONS = (
					"DEBUG=1",
					"$(inherited)",
				);
				INFOPLIST_FILE = ByViewConstraintSwiftDemoTests/Info.plist;
				LD_RUNPATH_SEARCH_PATHS = "$(inherited) @executable_path/Frameworks @loader_path/Frameworks";
				PRODUCT_NAME = "$(TARGET_NAME)";
				TEST_HOST = "$(BUILT_PRODUCTS_DIR)/ByViewConstraintSwiftDemo.app/ByViewConstraintSwiftDemo";
			};
			name = Debug;
		};
		95A630BD1AB80FB400DF6548 /* Release */ = {
			isa = XCBuildConfiguration;
			buildSettings = {
				BUNDLE_LOADER = "$(TEST_HOST)";
				FRAMEWORK_SEARCH_PATHS = (
					"$(SDKROOT)/Developer/Library/Frameworks",
					"$(inherited)",
				);
				INFOPLIST_FILE = ByViewConstraintSwiftDemoTests/Info.plist;
				LD_RUNPATH_SEARCH_PATHS = "$(inherited) @executable_path/Frameworks @loader_path/Frameworks";
				PRODUCT_NAME = "$(TARGET_NAME)";
				TEST_HOST = "$(BUILT_PRODUCTS_DIR)/ByViewConstraintSwiftDemo.app/ByViewConstraintSwiftDemo";
			};
			name = Release;
		};
/* End XCBuildConfiguration section */

/* Begin XCConfigurationList section */
		95A630941AB80FB300DF6548 /* Build configuration list for PBXProject "ByViewConstraintSwiftDemo" */ = {
			isa = XCConfigurationList;
			buildConfigurations = (
				95A630B61AB80FB400DF6548 /* Debug */,
				95A630B71AB80FB400DF6548 /* Release */,
			);
			defaultConfigurationIsVisible = 0;
			defaultConfigurationName = Release;
		};
		95A630B81AB80FB400DF6548 /* Build configuration list for PBXNativeTarget "ByViewConstraintSwiftDemo" */ = {
			isa = XCConfigurationList;
			buildConfigurations = (
				95A630B91AB80FB400DF6548 /* Debug */,
				95A630BA1AB80FB400DF6548 /* Release */,
			);
			defaultConfigurationIsVisible = 0;
		};
		95A630BB1AB80FB400DF6548 /* Build configuration list for PBXNativeTarget "ByViewConstraintSwiftDemoTests" */ = {
			isa = XCConfigurationList;
			buildConfigurations = (
				95A630BC1AB80FB400DF6548 /* Debug */,
				95A630BD1AB80FB400DF6548 /* Release */,
			);
			defaultConfigurationIsVisible = 0;
		};
/* End XCConfigurationList section */
	};
	rootObject = 95A630911AB80FB300DF6548 /* Project object */;
}
